
Microsoft Visual Studio Solution File, Format Version 12.00
# Visual Studio Version 17
VisualStudioVersion = 17.3.32519.111
MinimumVisualStudioVersion = 10.0.40219.1
Project("{2150E333-8FDC-42A3-9474-1A3956D46DE8}") = "Application", "Application", "{C079DC3E-B609-49D7-A519-025B585C5609}"
EndProject
Project("{2150E333-8FDC-42A3-9474-1A3956D46DE8}") = "Domain", "Domain", "{9BA1242C-9BAB-4D9A-9CAA-B27B0A8DB189}"
EndProject
Project("{2150E333-8FDC-42A3-9474-1A3956D46DE8}") = "Infra.IoC", "Infra.IoC", "{A66DD59D-AB25-4E03-BE58-CD0CEF374FB8}"
EndProject
Project("{2150E333-8FDC-42A3-9474-1A3956D46DE8}") = "Infra.Data", "Infra.Data", "{C2C5F08B-23C7-43B4-B0D1-3315A4F82194}"
EndProject
Project("{2150E333-8FDC-42A3-9474-1A3956D46DE8}") = "Presentation", "Presentation", "{8B7555BF-87E0-4E7A-88DE-229B8F92908D}"
EndProject
Project("{9A19103F-16F7-4668-BE54-9A1E7A4F7556}") = "CleanArchitecture.Domain", "Domain\CleanArchitecture.Domain\CleanArchitecture.Domain.csproj", "{840BFD61-C628-49DE-93FA-97DF3369D79D}"
EndProject
Project("{9A19103F-16F7-4668-BE54-9A1E7A4F7556}") = "CleanArchitecture.Infra.Data", "Infra.Data\CleanArchitecture.Infra.Data\CleanArchitecture.Infra.Data.csproj", "{7A7E76F5-3781-43FB-9B9E-1A1724FDF561}"
EndProject
Project("{9A19103F-16F7-4668-BE54-9A1E7A4F7556}") = "CleanArchitecture.Application", "Application\CleanArchitecture.Application\CleanArchitecture.Application.csproj", "{0F079F1D-5D9D-4180-8808-55870F1EEE5A}"
EndProject
Project("{9A19103F-16F7-4668-BE54-9A1E7A4F7556}") = "CleanArchitecture.Infra.IoC", "Infra.IoC\CleanArchitecture.Infra.IoC\CleanArchitecture.Infra.IoC.csproj", "{6480E8D4-5A37-4239-B3C9-4DD63CCA9121}"
EndProject
Project("{9A19103F-16F7-4668-BE54-9A1E7A4F7556}") = "CleanArchitecture.MVC", "Presentation\CleanArchitecture.MVC\CleanArchitecture.MVC.csproj", "{DE6BD877-5A1A-48A0-97F7-08F68D8628D0}"
EndProject
Project("{2150E333-8FDC-42A3-9474-1A3956D46DE8}") = "Infra.Bus", "Infra.Bus", "{36B2277D-41EE-4DB2-A51F-C029D83C3FE0}"
EndProject
Project("{2150E333-8FDC-42A3-9474-1A3956D46DE8}") = "Api", "Api", "{D65E6EFF-D369-4DC7-A4C0-01103BF6BCDE}"
EndProject
Project("{FAE04EC0-301F-11D3-BF4B-00C04F79EFBC}") = "CleanArchitecture.Infra.Bus", "Infra.Bus\CleanArchitecture.Infra.Bus\CleanArchitecture.Infra.Bus.csproj", "{86929655-A05F-4738-9CE2-8DA302F0032C}"
EndProject
Project("{FAE04EC0-301F-11D3-BF4B-00C04F79EFBC}") = "CleanArchitecture.Domain.Core", "Domain\CleanArchitecture.Domain.Core\CleanArchitecture.Domain.Core.csproj", "{F142C1F0-D861-4BF5-AC08-92BCF9A54FA4}"
EndProject
Global
	GlobalSection(SolutionConfigurationPlatforms) = preSolution
		Debug|Any CPU = Debug|Any CPU
		Release|Any CPU = Release|Any CPU
	EndGlobalSection
	GlobalSection(ProjectConfigurationPlatforms) = postSolution
		{840BFD61-C628-49DE-93FA-97DF3369D79D}.Debug|Any CPU.ActiveCfg = Debug|Any CPU
		{840BFD61-C628-49DE-93FA-97DF3369D79D}.Debug|Any CPU.Build.0 = Debug|Any CPU
		{840BFD61-C628-49DE-93FA-97DF3369D79D}.Release|Any CPU.ActiveCfg = Release|Any CPU
		{840BFD61-C628-49DE-93FA-97DF3369D79D}.Release|Any CPU.Build.0 = Release|Any CPU
		{7A7E76F5-3781-43FB-9B9E-1A1724FDF561}.Debug|Any CPU.ActiveCfg = Debug|Any CPU
		{7A7E76F5-3781-43FB-9B9E-1A1724FDF561}.Debug|Any CPU.Build.0 = Debug|Any CPU
		{7A7E76F5-3781-43FB-9B9E-1A1724FDF561}.Release|Any CPU.ActiveCfg = Release|Any CPU
		{7A7E76F5-3781-43FB-9B9E-1A1724FDF561}.Release|Any CPU.Build.0 = Release|Any CPU
		{0F079F1D-5D9D-4180-8808-55870F1EEE5A}.Debug|Any CPU.ActiveCfg = Debug|Any CPU
		{0F079F1D-5D9D-4180-8808-55870F1EEE5A}.Debug|Any CPU.Build.0 = Debug|Any CPU
		{0F079F1D-5D9D-4180-8808-55870F1EEE5A}.Release|Any CPU.ActiveCfg = Release|Any CPU
		{0F079F1D-5D9D-4180-8808-55870F1EEE5A}.Release|Any CPU.Build.0 = Release|Any CPU
		{6480E8D4-5A37-4239-B3C9-4DD63CCA9121}.Debug|Any CPU.ActiveCfg = Debug|Any CPU
		{6480E8D4-5A37-4239-B3C9-4DD63CCA9121}.Debug|Any CPU.Build.0 = Debug|Any CPU
		{6480E8D4-5A37-4239-B3C9-4DD63CCA9121}.Release|Any CPU.ActiveCfg = Release|Any CPU
		{6480E8D4-5A37-4239-B3C9-4DD63CCA9121}.Release|Any CPU.Build.0 = Release|Any CPU
		{DE6BD877-5A1A-48A0-97F7-08F68D8628D0}.Debug|Any CPU.ActiveCfg = Debug|Any CPU
		{DE6BD877-5A1A-48A0-97F7-08F68D8628D0}.Debug|Any CPU.Build.0 = Debug|Any CPU
		{DE6BD877-5A1A-48A0-97F7-08F68D8628D0}.Release|Any CPU.ActiveCfg = Release|Any CPU
		{DE6BD877-5A1A-48A0-97F7-08F68D8628D0}.Release|Any CPU.Build.0 = Release|Any CPU
		{86929655-A05F-4738-9CE2-8DA302F0032C}.Debug|Any CPU.ActiveCfg = Debug|Any CPU
		{86929655-A05F-4738-9CE2-8DA302F0032C}.Debug|Any CPU.Build.0 = Debug|Any CPU
		{86929655-A05F-4738-9CE2-8DA302F0032C}.Release|Any CPU.ActiveCfg = Release|Any CPU
		{86929655-A05F-4738-9CE2-8DA302F0032C}.Release|Any CPU.Build.0 = Release|Any CPU
		{F142C1F0-D861-4BF5-AC08-92BCF9A54FA4}.Debug|Any CPU.ActiveCfg = Debug|Any CPU
		{F142C1F0-D861-4BF5-AC08-92BCF9A54FA4}.Debug|Any CPU.Build.0 = Debug|Any CPU
		{F142C1F0-D861-4BF5-AC08-92BCF9A54FA4}.Release|Any CPU.ActiveCfg = Release|Any CPU
		{F142C1F0-D861-4BF5-AC08-92BCF9A54FA4}.Release|Any CPU.Build.0 = Release|Any CPU
	EndGlobalSection
	GlobalSection(SolutionProperties) = preSolution
		HideSolutionNode = FALSE
	EndGlobalSection
	GlobalSection(NestedProjects) = preSolution
		{840BFD61-C628-49DE-93FA-97DF3369D79D} = {9BA1242C-9BAB-4D9A-9CAA-B27B0A8DB189}
		{7A7E76F5-3781-43FB-9B9E-1A1724FDF561} = {C2C5F08B-23C7-43B4-B0D1-3315A4F82194}
		{0F079F1D-5D9D-4180-8808-55870F1EEE5A} = {C079DC3E-B609-49D7-A519-025B585C5609}
		{6480E8D4-5A37-4239-B3C9-4DD63CCA9121} = {A66DD59D-AB25-4E03-BE58-CD0CEF374FB8}
		{DE6BD877-5A1A-48A0-97F7-08F68D8628D0} = {8B7555BF-87E0-4E7A-88DE-229B8F92908D}
		{86929655-A05F-4738-9CE2-8DA302F0032C} = {36B2277D-41EE-4DB2-A51F-C029D83C3FE0}
		{F142C1F0-D861-4BF5-AC08-92BCF9A54FA4} = {9BA1242C-9BAB-4D9A-9CAA-B27B0A8DB189}
	EndGlobalSection
	GlobalSection(ExtensibilityGlobals) = postSolution
		SolutionGuid = {492DA762-D0A1-47AD-954D-7AFAB0E9DB32}
	EndGlobalSection
EndGlobal
